
Microsoft Visual Studio Solution File, Format Version 12.00
# Visual Studio 14
VisualStudioVersion = 14.0.25420.1
MinimumVisualStudioVersion = 10.0.40219.1
Project("{F2A71F9B-5D33-465A-A702-920D77279786}") = "HackerRank", "HackerRank\HackerRank.fsproj", "{C59B2C0C-B05A-4389-9827-6E20C772F692}"
EndProject
Project("{F2A71F9B-5D33-465A-A702-920D77279786}") = "FunctionalProgramming", "FunctionalProgramming\FunctionalProgramming.fsproj", "{CC229D3C-DE7E-49EC-9941-597EDA639D38}"
EndProject
Project("{F2A71F9B-5D33-465A-A702-920D77279786}") = "Tutorials", "Tutorials\Tutorials.fsproj", "{3106DE85-0ABD-4BFC-BEFA-E2E8CD2571E0}"
EndProject
Global
	GlobalSection(SolutionConfigurationPlatforms) = preSolution
		Debug|Any CPU = Debug|Any CPU
		Release|Any CPU = Release|Any CPU
	EndGlobalSection
	GlobalSection(ProjectConfigurationPlatforms) = postSolution
		{C59B2C0C-B05A-4389-9827-6E20C772F692}.Debug|Any CPU.ActiveCfg = Debug|Any CPU
		{C59B2C0C-B05A-4389-9827-6E20C772F692}.Debug|Any CPU.Build.0 = Debug|Any CPU
		{C59B2C0C-B05A-4389-9827-6E20C772F692}.Release|Any CPU.ActiveCfg = Release|Any CPU
		{C59B2C0C-B05A-4389-9827-6E20C772F692}.Release|Any CPU.Build.0 = Release|Any CPU
		{CC229D3C-DE7E-49EC-9941-597EDA639D38}.Debug|Any CPU.ActiveCfg = Debug|Any CPU
		{CC229D3C-DE7E-49EC-9941-597EDA639D38}.Debug|Any CPU.Build.0 = Debug|Any CPU
		{CC229D3C-DE7E-49EC-9941-597EDA639D38}.Release|Any CPU.ActiveCfg = Release|Any CPU
		{CC229D3C-DE7E-49EC-9941-597EDA639D38}.Release|Any CPU.Build.0 = Release|Any CPU
		{3106DE85-0ABD-4BFC-BEFA-E2E8CD2571E0}.Debug|Any CPU.ActiveCfg = Debug|Any CPU
		{3106DE85-0ABD-4BFC-BEFA-E2E8CD2571E0}.Debug|Any CPU.Build.0 = Debug|Any CPU
		{3106DE85-0ABD-4BFC-BEFA-E2E8CD2571E0}.Release|Any CPU.ActiveCfg = Release|Any CPU
		{3106DE85-0ABD-4BFC-BEFA-E2E8CD2571E0}.Release|Any CPU.Build.0 = Release|Any CPU
	EndGlobalSection
	GlobalSection(SolutionProperties) = preSolution
		HideSolutionNode = FALSE
	EndGlobalSection
EndGlobal
